
Microsoft Visual Studio Solution File, Format Version 12.00
# Visual Studio Version 17
VisualStudioVersion = 17.2.32630.192
MinimumVisualStudioVersion = 10.0.40219.1
Project("{FAE04EC0-301F-11D3-BF4B-00C04F79EFBC}") = "Dapper ASP.NET Project", "Dapper ASP.NET Project\Dapper ASP.NET Project.csproj", "{2334A75F-9AC7-4681-9EFE-F98D5AE69468}"
EndProject
Global
	GlobalSection(SolutionConfigurationPlatforms) = preSolution
		Debug|Any CPU = Debug|Any CPU
		Release|Any CPU = Release|Any CPU
	EndGlobalSection
	GlobalSection(ProjectConfigurationPlatforms) = postSolution
		{2334A75F-9AC7-4681-9EFE-F98D5AE69468}.Debug|Any CPU.ActiveCfg = Debug|Any CPU
		{2334A75F-9AC7-4681-9EFE-F98D5AE69468}.Debug|Any CPU.Build.0 = Debug|Any CPU
		{2334A75F-9AC7-4681-9EFE-F98D5AE69468}.Release|Any CPU.ActiveCfg = Release|Any CPU
		{2334A75F-9AC7-4681-9EFE-F98D5AE69468}.Release|Any CPU.Build.0 = Release|Any CPU
	EndGlobalSection
	GlobalSection(SolutionProperties) = preSolution
		HideSolutionNode = FALSE
	EndGlobalSection
	GlobalSection(ExtensibilityGlobals) = postSolution
		SolutionGuid = {B2B8B0D7-04F2-4DBD-9728-03C0AF871750}
	EndGlobalSection
EndGlobal
